
Microsoft Visual Studio Solution File, Format Version 12.00
# Visual Studio Version 17
VisualStudioVersion = 17.10.35004.147
MinimumVisualStudioVersion = 10.0.40219.1
Project("{9A19103F-16F7-4668-BE54-9A1E7A4F7556}") = "AppMain", "AppMain\AppMain\AppMain.csproj", "{466A9CE9-8394-41E2-8CD8-C2363B339DFB}"
EndProject
Project("{9A19103F-16F7-4668-BE54-9A1E7A4F7556}") = "AppMain.Client", "AppMain\AppMain.Client\AppMain.Client.csproj", "{793339B6-BF80-49F0-AE9C-168569C6E837}"
EndProject
Project("{9A19103F-16F7-4668-BE54-9A1E7A4F7556}") = "DataAccess", "DataAccess\DataAccess.csproj", "{37A6F9D3-DA80-44F1-B471-34DE03B47599}"
EndProject
Project("{9A19103F-16F7-4668-BE54-9A1E7A4F7556}") = "BusinessLogic", "BusinessLogic\BusinessLogic.csproj", "{B755FDA9-13AB-4BFE-BFA5-1DC02748FCA7}"
EndProject
Project("{9A19103F-16F7-4668-BE54-9A1E7A4F7556}") = "AppModels", "AppModels\AppModels.csproj", "{F74A95A8-EB51-47ED-B1E1-A490C97D139B}"
EndProject
Project("{FAE04EC0-301F-11D3-BF4B-00C04F79EFBC}") = "LAMS_Server", "LAMS_Server\LAMS_Server.csproj", "{465A2E14-3BAE-4F2B-BBFC-3370627CCF24}"
EndProject
Global
	GlobalSection(SolutionConfigurationPlatforms) = preSolution
		Debug|Any CPU = Debug|Any CPU
		Release|Any CPU = Release|Any CPU
	EndGlobalSection
	GlobalSection(ProjectConfigurationPlatforms) = postSolution
		{466A9CE9-8394-41E2-8CD8-C2363B339DFB}.Debug|Any CPU.ActiveCfg = Debug|Any CPU
		{466A9CE9-8394-41E2-8CD8-C2363B339DFB}.Debug|Any CPU.Build.0 = Debug|Any CPU
		{466A9CE9-8394-41E2-8CD8-C2363B339DFB}.Release|Any CPU.ActiveCfg = Release|Any CPU
		{466A9CE9-8394-41E2-8CD8-C2363B339DFB}.Release|Any CPU.Build.0 = Release|Any CPU
		{793339B6-BF80-49F0-AE9C-168569C6E837}.Debug|Any CPU.ActiveCfg = Debug|Any CPU
		{793339B6-BF80-49F0-AE9C-168569C6E837}.Debug|Any CPU.Build.0 = Debug|Any CPU
		{793339B6-BF80-49F0-AE9C-168569C6E837}.Release|Any CPU.ActiveCfg = Release|Any CPU
		{793339B6-BF80-49F0-AE9C-168569C6E837}.Release|Any CPU.Build.0 = Release|Any CPU
		{37A6F9D3-DA80-44F1-B471-34DE03B47599}.Debug|Any CPU.ActiveCfg = Debug|Any CPU
		{37A6F9D3-DA80-44F1-B471-34DE03B47599}.Debug|Any CPU.Build.0 = Debug|Any CPU
		{37A6F9D3-DA80-44F1-B471-34DE03B47599}.Release|Any CPU.ActiveCfg = Release|Any CPU
		{37A6F9D3-DA80-44F1-B471-34DE03B47599}.Release|Any CPU.Build.0 = Release|Any CPU
		{B755FDA9-13AB-4BFE-BFA5-1DC02748FCA7}.Debug|Any CPU.ActiveCfg = Debug|Any CPU
		{B755FDA9-13AB-4BFE-BFA5-1DC02748FCA7}.Debug|Any CPU.Build.0 = Debug|Any CPU
		{B755FDA9-13AB-4BFE-BFA5-1DC02748FCA7}.Release|Any CPU.ActiveCfg = Release|Any CPU
		{B755FDA9-13AB-4BFE-BFA5-1DC02748FCA7}.Release|Any CPU.Build.0 = Release|Any CPU
		{F74A95A8-EB51-47ED-B1E1-A490C97D139B}.Debug|Any CPU.ActiveCfg = Debug|Any CPU
		{F74A95A8-EB51-47ED-B1E1-A490C97D139B}.Debug|Any CPU.Build.0 = Debug|Any CPU
		{F74A95A8-EB51-47ED-B1E1-A490C97D139B}.Release|Any CPU.ActiveCfg = Release|Any CPU
		{F74A95A8-EB51-47ED-B1E1-A490C97D139B}.Release|Any CPU.Build.0 = Release|Any CPU
		{465A2E14-3BAE-4F2B-BBFC-3370627CCF24}.Debug|Any CPU.ActiveCfg = Debug|Any CPU
		{465A2E14-3BAE-4F2B-BBFC-3370627CCF24}.Debug|Any CPU.Build.0 = Debug|Any CPU
		{465A2E14-3BAE-4F2B-BBFC-3370627CCF24}.Release|Any CPU.ActiveCfg = Release|Any CPU
		{465A2E14-3BAE-4F2B-BBFC-3370627CCF24}.Release|Any CPU.Build.0 = Release|Any CPU
	EndGlobalSection
	GlobalSection(SolutionProperties) = preSolution
		HideSolutionNode = FALSE
	EndGlobalSection
	GlobalSection(ExtensibilityGlobals) = postSolution
		SolutionGuid = {D0252646-2CD3-4C0E-8497-9D8A541828A5}
	EndGlobalSection
EndGlobal
